
Microsoft Visual Studio Solution File, Format Version 12.00
# Visual Studio 2013
VisualStudioVersion = 12.0.21005.1
MinimumVisualStudioVersion = 10.0.40219.1
Project("{FAE04EC0-301F-11D3-BF4B-00C04F79EFBC}") = "AmigoOculto_06102015", "AmigoOculto_06102015\AmigoOculto_06102015.csproj", "{FF80A7B3-17ED-4D20-8308-0E7502EF4BEA}"
EndProject
Global
	GlobalSection(SolutionConfigurationPlatforms) = preSolution
		Debug|Any CPU = Debug|Any CPU
		Release|Any CPU = Release|Any CPU
	EndGlobalSection
	GlobalSection(ProjectConfigurationPlatforms) = postSolution
		{FF80A7B3-17ED-4D20-8308-0E7502EF4BEA}.Debug|Any CPU.ActiveCfg = Debug|Any CPU
		{FF80A7B3-17ED-4D20-8308-0E7502EF4BEA}.Debug|Any CPU.Build.0 = Debug|Any CPU
		{FF80A7B3-17ED-4D20-8308-0E7502EF4BEA}.Release|Any CPU.ActiveCfg = Release|Any CPU
		{FF80A7B3-17ED-4D20-8308-0E7502EF4BEA}.Release|Any CPU.Build.0 = Release|Any CPU
	EndGlobalSection
	GlobalSection(SolutionProperties) = preSolution
		HideSolutionNode = FALSE
	EndGlobalSection
EndGlobal
